
Microsoft Visual Studio Solution File, Format Version 12.00
# Visual Studio Version 17
VisualStudioVersion = 17.1.32414.318
MinimumVisualStudioVersion = 10.0.40219.1
Project("{FAE04EC0-301F-11D3-BF4B-00C04F79EFBC}") = "addressbook", "addressbook\addressbook.csproj", "{81ABDB01-6AF0-419D-ACF3-AAF0A24EC1ED}"
EndProject
Global
	GlobalSection(SolutionConfigurationPlatforms) = preSolution
		Debug|Any CPU = Debug|Any CPU
		Release|Any CPU = Release|Any CPU
	EndGlobalSection
	GlobalSection(ProjectConfigurationPlatforms) = postSolution
		{81ABDB01-6AF0-419D-ACF3-AAF0A24EC1ED}.Debug|Any CPU.ActiveCfg = Debug|Any CPU
		{81ABDB01-6AF0-419D-ACF3-AAF0A24EC1ED}.Debug|Any CPU.Build.0 = Debug|Any CPU
		{81ABDB01-6AF0-419D-ACF3-AAF0A24EC1ED}.Release|Any CPU.ActiveCfg = Release|Any CPU
		{81ABDB01-6AF0-419D-ACF3-AAF0A24EC1ED}.Release|Any CPU.Build.0 = Release|Any CPU
	EndGlobalSection
	GlobalSection(SolutionProperties) = preSolution
		HideSolutionNode = FALSE
	EndGlobalSection
	GlobalSection(ExtensibilityGlobals) = postSolution
		SolutionGuid = {CC5775DD-930C-49EE-8882-6C7872D47AE1}
	EndGlobalSection
EndGlobal
